
Microsoft Visual Studio Solution File, Format Version 12.00
# Visual Studio Version 16
VisualStudioVersion = 16.0.29806.167
MinimumVisualStudioVersion = 10.0.40219.1
Project("{FAE04EC0-301F-11D3-BF4B-00C04F79EFBC}") = "Dados casa02 juegos de azar juan mandon", "Dados casa02 juegos de azar juan mandon\Dados casa02 juegos de azar juan mandon.csproj", "{20BDB7D6-9A5E-460E-8E14-0F0A24FECD7E}"
EndProject
Global
	GlobalSection(SolutionConfigurationPlatforms) = preSolution
		Debug|Any CPU = Debug|Any CPU
		Release|Any CPU = Release|Any CPU
	EndGlobalSection
	GlobalSection(ProjectConfigurationPlatforms) = postSolution
		{20BDB7D6-9A5E-460E-8E14-0F0A24FECD7E}.Debug|Any CPU.ActiveCfg = Debug|Any CPU
		{20BDB7D6-9A5E-460E-8E14-0F0A24FECD7E}.Debug|Any CPU.Build.0 = Debug|Any CPU
		{20BDB7D6-9A5E-460E-8E14-0F0A24FECD7E}.Release|Any CPU.ActiveCfg = Release|Any CPU
		{20BDB7D6-9A5E-460E-8E14-0F0A24FECD7E}.Release|Any CPU.Build.0 = Release|Any CPU
	EndGlobalSection
	GlobalSection(SolutionProperties) = preSolution
		HideSolutionNode = FALSE
	EndGlobalSection
	GlobalSection(ExtensibilityGlobals) = postSolution
		SolutionGuid = {E977EC34-C280-4885-B925-8C04579D3164}
	EndGlobalSection
EndGlobal
